<?xml version="1.0" encoding="utf-8"?>
<Project ToolsVersion="4.0" xmlns="http://schemas.microsoft.com/developer/msbuild/2003">
  <ItemGroup>
    <Filter Include="Source Files">
      <UniqueIdentifier>{4FC737F1-C7A5-4376-A066-2A32D752A2FF}</UniqueIdentifier>
      <Extensions>cpp;c;cc;cxx;def;odl;idl;hpj;bat;asm;asmx</Extensions>
    </Filter>
    <Filter Include="Header Files">
      <UniqueIdentifier>{93995380-89BD-4b04-88EB-625FBE52EBFB}</UniqueIdentifier>
      <Extensions>h;hh;hpp;hxx;hm;inl;inc;ipp;xsd</Extensions>
    </Filter>
    <Filter Include="Resource Files">
      <UniqueIdentifier>{67DA6AB6-F800-4c08-8B7A-83BB121AAD01}</UniqueIdentifier>
      <Extensions>rc;ico;cur;bmp;dlg;rc2;rct;bin;rgs;gif;jpg;jpeg;jpe;resx;tiff;tif;png;wav;mfcribbon-ms</Extensions>
    </Filter>
    <Filter Include="MainGame">
      <UniqueIdentifier>{6e376d75-f3b3-4ea5-9e5a-df60821df45e}</UniqueIdentifier>
    </Filter>
    <Filter Include="GameObjects">
      <UniqueIdentifier>{ff619a3f-554c-4078-a0bb-487eb5a917bf}</UniqueIdentifier>
    </Filter>
    <Filter Include="GameObjects\GameField">
      <UniqueIdentifier>{4e92f85e-9c51-40d0-bef9-567de2d4ea30}</UniqueIdentifier>
    </Filter>
    <Filter Include="MainGame\GameManager">
      <UniqueIdentifier>{3b1b52c9-da2a-443c-8375-81a9780ace18}</UniqueIdentifier>
    </Filter>
    <Filter Include="GameObjects\Inventory">
      <UniqueIdentifier>{71bfc0b6-4dbb-483f-8413-acbc282305b3}</UniqueIdentifier>
    </Filter>
    <Filter Include="System">
      <UniqueIdentifier>{71eed43e-5a6b-425e-894c-cf77634ad804}</UniqueIdentifier>
    </Filter>
    <Filter Include="System\Device">
      <UniqueIdentifier>{e6a4b17f-db5f-4bd1-a904-10cee7327c53}</UniqueIdentifier>
    </Filter>
    <Filter Include="System\Frames">
      <UniqueIdentifier>{11a24645-edc9-4aa1-b7f3-5cf423c8fb4a}</UniqueIdentifier>
    </Filter>
    <Filter Include="System\Keyboard">
      <UniqueIdentifier>{ba961723-fc11-48ff-982d-0d2fb43e08b1}</UniqueIdentifier>
    </Filter>
    <Filter Include="System\Mouse">
      <UniqueIdentifier>{a6f55eea-e2ab-4a76-8b17-5c37c07616b0}</UniqueIdentifier>
    </Filter>
    <Filter Include="Core">
      <UniqueIdentifier>{c47ca502-6b58-49cb-8c2f-d0e827fe5614}</UniqueIdentifier>
    </Filter>
    <Filter Include="Core\Math">
      <UniqueIdentifier>{525acb93-42d0-4b65-875a-126b8e843472}</UniqueIdentifier>
    </Filter>
    <Filter Include="Core\Rect">
      <UniqueIdentifier>{d32a70ed-7a40-4cbc-baef-2480d68c5433}</UniqueIdentifier>
    </Filter>
    <Filter Include="Core\Size">
      <UniqueIdentifier>{48f7c931-2f63-4195-bb65-a856539db595}</UniqueIdentifier>
    </Filter>
    <Filter Include="Core\MyPoint">
      <UniqueIdentifier>{999b3c76-9eaf-46cc-be81-493d9d5c95de}</UniqueIdentifier>
    </Filter>
    <Filter Include="Utility">
      <UniqueIdentifier>{dcbe742e-438e-4dc7-82f5-7e1cde77883f}</UniqueIdentifier>
    </Filter>
    <Filter Include="GameObjects\Grid">
      <UniqueIdentifier>{fca1c47b-68f1-44a2-829e-15e57899cb46}</UniqueIdentifier>
    </Filter>
    <Filter Include="Render">
      <UniqueIdentifier>{ffe30ac6-e2a8-436b-86d0-a7602373ea36}</UniqueIdentifier>
    </Filter>
    <Filter Include="GameObjects\Component">
      <UniqueIdentifier>{82b9000f-f2ee-40ab-91a7-64c355876d97}</UniqueIdentifier>
    </Filter>
    <Filter Include="MainGame\MapEditor">
      <UniqueIdentifier>{da2f1caa-5745-4844-a29d-86cdea7c20cc}</UniqueIdentifier>
    </Filter>
    <Filter Include="Render\Vertex">
      <UniqueIdentifier>{b97154fa-6bd1-46b7-a0b5-07f9a2d0de7f}</UniqueIdentifier>
    </Filter>
    <Filter Include="Render\Camera">
      <UniqueIdentifier>{459b692d-ff7d-4576-ac6c-66553007aa4f}</UniqueIdentifier>
    </Filter>
    <Filter Include="GameObjects\GameState">
      <UniqueIdentifier>{5e444ee8-68cf-4a35-8f03-dcdd5dcdc43e}</UniqueIdentifier>
    </Filter>
    <Filter Include="GameObjects\Component\Gate">
      <UniqueIdentifier>{b11d752d-21d6-4c77-964c-89a8e5b0339d}</UniqueIdentifier>
    </Filter>
  </ItemGroup>
  <ItemGroup>
    <ClInclude Include="stdafx.h">
      <Filter>Header Files</Filter>
    </ClInclude>
    <ClInclude Include="targetver.h">
      <Filter>Header Files</Filter>
    </ClInclude>
    <ClInclude Include="Resource.h">
      <Filter>Header Files</Filter>
    </ClInclude>
    <ClInclude Include="SGADXPortFolioLASER.h">
      <Filter>Header Files</Filter>
    </ClInclude>
    <ClInclude Include="GameField.h">
      <Filter>GameObjects\GameField</Filter>
    </ClInclude>
    <ClInclude Include="GameManager.h">
      <Filter>MainGame\GameManager</Filter>
    </ClInclude>
    <ClInclude Include="Inventory.h">
      <Filter>GameObjects\Inventory</Filter>
    </ClInclude>
    <ClInclude Include="Device.h">
      <Filter>System\Device</Filter>
    </ClInclude>
    <ClInclude Include="Frames.h">
      <Filter>System\Frames</Filter>
    </ClInclude>
    <ClInclude Include="Keyboard.h">
      <Filter>System\Keyboard</Filter>
    </ClInclude>
    <ClInclude Include="Mouse.h">
      <Filter>System\Mouse</Filter>
    </ClInclude>
    <ClInclude Include="MyPoint.h">
      <Filter>Core\MyPoint</Filter>
    </ClInclude>
    <ClInclude Include="Size.h">
      <Filter>Core\Size</Filter>
    </ClInclude>
    <ClInclude Include="World.h">
      <Filter>Utility</Filter>
    </ClInclude>
    <ClInclude Include="Grid.h">
      <Filter>GameObjects\Grid</Filter>
    </ClInclude>
    <ClInclude Include="Rect.h">
      <Filter>Core\Rect</Filter>
    </ClInclude>
    <ClInclude Include="Component.h">
      <Filter>GameObjects\Component</Filter>
    </ClInclude>
    <ClInclude Include="MapEditor.h">
      <Filter>MainGame\MapEditor</Filter>
    </ClInclude>
    <ClInclude Include="Vertex.h">
      <Filter>Render\Vertex</Filter>
    </ClInclude>
    <ClInclude Include="Camera.h">
      <Filter>Render\Camera</Filter>
    </ClInclude>
    <ClInclude Include="MainCamera.h">
      <Filter>Render\Camera</Filter>
    </ClInclude>
    <ClInclude Include="FreeView.h">
      <Filter>Render\Camera</Filter>
    </ClInclude>
    <ClInclude Include="FollowView.h">
      <Filter>Render\Camera</Filter>
    </ClInclude>
    <ClInclude Include="Factory.h">
      <Filter>Render\Camera</Filter>
    </ClInclude>
    <ClInclude Include="GameState.h">
      <Filter>GameObjects\GameState</Filter>
    </ClInclude>
    <ClInclude Include="LaserSource.h">
      <Filter>GameObjects\Component</Filter>
    </ClInclude>
    <ClInclude Include="ColorObject.h">
      <Filter>GameObjects\Component</Filter>
    </ClInclude>
    <ClInclude Include="Gate.h">
      <Filter>GameObjects\Component\Gate</Filter>
    </ClInclude>
    <ClInclude Include="Mirror.h">
      <Filter>GameObjects\Component\Gate</Filter>
    </ClInclude>
    <ClInclude Include="BeamSplitter.h">
      <Filter>GameObjects\Component\Gate</Filter>
    </ClInclude>
    <ClInclude Include="ColorChanger.h">
      <Filter>GameObjects\Component\Gate</Filter>
    </ClInclude>
    <ClInclude Include="Goal.h">
      <Filter>GameObjects\Component\Gate</Filter>
    </ClInclude>
    <ClInclude Include="ColorAdder.h">
      <Filter>GameObjects\Component\Gate</Filter>
    </ClInclude>
    <ClInclude Include="Hand.h">
      <Filter>GameObjects\Component</Filter>
    </ClInclude>
  </ItemGroup>
  <ItemGroup>
    <ClCompile Include="stdafx.cpp">
      <Filter>Source Files</Filter>
    </ClCompile>
    <ClCompile Include="SGADXPortFolioLASER.cpp">
      <Filter>Source Files</Filter>
    </ClCompile>
    <ClCompile Include="Device.cpp">
      <Filter>System\Device</Filter>
    </ClCompile>
    <ClCompile Include="Frames.cpp">
      <Filter>System\Frames</Filter>
    </ClCompile>
    <ClCompile Include="Keyboard.cpp">
      <Filter>System\Keyboard</Filter>
    </ClCompile>
    <ClCompile Include="Mouse.cpp">
      <Filter>System\Mouse</Filter>
    </ClCompile>
    <ClCompile Include="MyPoint.cpp">
      <Filter>Core\MyPoint</Filter>
    </ClCompile>
    <ClCompile Include="Size.cpp">
      <Filter>Core\Size</Filter>
    </ClCompile>
    <ClCompile Include="Rect.cpp">
      <Filter>Core\Rect</Filter>
    </ClCompile>
    <ClCompile Include="GameManager.cpp">
      <Filter>MainGame\GameManager</Filter>
    </ClCompile>
    <ClCompile Include="Camera.cpp">
      <Filter>Render\Camera</Filter>
    </ClCompile>
    <ClCompile Include="FollowView.cpp">
      <Filter>Render\Camera</Filter>
    </ClCompile>
    <ClCompile Include="FreeView.cpp">
      <Filter>Render\Camera</Filter>
    </ClCompile>
    <ClCompile Include="MainCamera.cpp">
      <Filter>Render\Camera</Filter>
    </ClCompile>
    <ClCompile Include="GameField.cpp">
      <Filter>GameObjects\GameField</Filter>
    </ClCompile>
    <ClCompile Include="Grid.cpp">
      <Filter>GameObjects\Grid</Filter>
    </ClCompile>
    <ClCompile Include="Component.cpp">
      <Filter>GameObjects\Component</Filter>
    </ClCompile>
    <ClCompile Include="Inventory.cpp">
      <Filter>GameObjects\Inventory</Filter>
    </ClCompile>
    <ClCompile Include="LaserSource.cpp">
      <Filter>GameObjects\Component</Filter>
    </ClCompile>
    <ClCompile Include="ColorObject.cpp">
      <Filter>GameObjects\Component</Filter>
    </ClCompile>
    <ClCompile Include="Gate.cpp">
      <Filter>GameObjects\Component\Gate</Filter>
    </ClCompile>
    <ClCompile Include="Mirror.cpp">
      <Filter>GameObjects\Component\Gate</Filter>
    </ClCompile>
    <ClCompile Include="BeamSplitter.cpp">
      <Filter>GameObjects\Component\Gate</Filter>
    </ClCompile>
    <ClCompile Include="ColorChanger.cpp">
      <Filter>GameObjects\Component\Gate</Filter>
    </ClCompile>
    <ClCompile Include="Goal.cpp">
      <Filter>GameObjects\Component\Gate</Filter>
    </ClCompile>
    <ClCompile Include="ColorAdder.cpp">
      <Filter>GameObjects\Component\Gate</Filter>
    </ClCompile>
    <ClCompile Include="Hand.cpp">
      <Filter>GameObjects\Component</Filter>
    </ClCompile>
  </ItemGroup>
  <ItemGroup>
    <ResourceCompile Include="SGADXPortFolioLASER.rc">
      <Filter>Resource Files</Filter>
    </ResourceCompile>
  </ItemGroup>
  <ItemGroup>
    <Image Include="small.ico">
      <Filter>Resource Files</Filter>
    </Image>
    <Image Include="SGADXPortFolioLASER.ico">
      <Filter>Resource Files</Filter>
    </Image>
  </ItemGroup>
</Project>